Microsoft Visual Studio Solution File, Format Version 11.00
# Visual Studio 2008

Project("{A00B50CC-FC1B-D90E-7610-9106DC3C06FA}") = "farm-game", "Assembly-CSharp.csproj", "{8C9F9AB8-DBD1-17C0-C45B-50693EF65871}"
EndProject
Project("{A00B50CC-FC1B-D90E-7610-9106DC3C06FA}") = "farm-game", "Assembly-CSharp-Editor.csproj", "{28E16A5D-793F-CAE9-9DBE-D8FBE9743E68}"
EndProject
Global
	GlobalSection(SolutionConfigurationPlatforms) = preSolution
		Debug|Any CPU = Debug|Any CPU
		Release|Any CPU = Release|Any CPU
	EndGlobalSection
	GlobalSection(ProjectConfigurationPlatforms) = postSolution
		{8C9F9AB8-DBD1-17C0-C45B-50693EF65871}.Debug|Any CPU.ActiveCfg = Debug|Any CPU
		{8C9F9AB8-DBD1-17C0-C45B-50693EF65871}.Debug|Any CPU.Build.0 = Debug|Any CPU
		{8C9F9AB8-DBD1-17C0-C45B-50693EF65871}.Release|Any CPU.ActiveCfg = Release|Any CPU
		{8C9F9AB8-DBD1-17C0-C45B-50693EF65871}.Release|Any CPU.Build.0 = Release|Any CPU
		{28E16A5D-793F-CAE9-9DBE-D8FBE9743E68}.Debug|Any CPU.ActiveCfg = Debug|Any CPU
		{28E16A5D-793F-CAE9-9DBE-D8FBE9743E68}.Debug|Any CPU.Build.0 = Debug|Any CPU
		{28E16A5D-793F-CAE9-9DBE-D8FBE9743E68}.Release|Any CPU.ActiveCfg = Release|Any CPU
		{28E16A5D-793F-CAE9-9DBE-D8FBE9743E68}.Release|Any CPU.Build.0 = Release|Any CPU
	EndGlobalSection
	GlobalSection(SolutionProperties) = preSolution
		HideSolutionNode = FALSE
	EndGlobalSection
	GlobalSection(MonoDevelopProperties) = preSolution
		StartupItem = Assembly-CSharp.csproj
	EndGlobalSection
EndGlobal
